
Microsoft Visual Studio Solution File, Format Version 12.00
# Visual Studio Version 17
VisualStudioVersion = 17.4.33205.214
MinimumVisualStudioVersion = 10.0.40219.1
Project("{FAE04EC0-301F-11D3-BF4B-00C04F79EFBC}") = "NotesApp_CS", "NotesApp_CS\NotesApp_CS.csproj", "{2DD6759B-9818-4734-9C0F-9956C839BF17}"
EndProject
Global
	GlobalSection(SolutionConfigurationPlatforms) = preSolution
		Debug|Any CPU = Debug|Any CPU
		Release|Any CPU = Release|Any CPU
	EndGlobalSection
	GlobalSection(ProjectConfigurationPlatforms) = postSolution
		{2DD6759B-9818-4734-9C0F-9956C839BF17}.Debug|Any CPU.ActiveCfg = Debug|Any CPU
		{2DD6759B-9818-4734-9C0F-9956C839BF17}.Debug|Any CPU.Build.0 = Debug|Any CPU
		{2DD6759B-9818-4734-9C0F-9956C839BF17}.Release|Any CPU.ActiveCfg = Release|Any CPU
		{2DD6759B-9818-4734-9C0F-9956C839BF17}.Release|Any CPU.Build.0 = Release|Any CPU
	EndGlobalSection
	GlobalSection(SolutionProperties) = preSolution
		HideSolutionNode = FALSE
	EndGlobalSection
	GlobalSection(ExtensibilityGlobals) = postSolution
		SolutionGuid = {B70B08E3-7759-4D6C-AC83-675B68E053B9}
	EndGlobalSection
EndGlobal
